
Microsoft Visual Studio Solution File, Format Version 12.00
# Visual Studio Version 16
VisualStudioVersion = 16.0.29509.3
MinimumVisualStudioVersion = 10.0.40219.1
Project("{9A19103F-16F7-4668-BE54-9A1E7A4F7556}") = "azuredevopsresourceanalyzer.core", "azuredevopsresourceanalyzer.core\azuredevopsresourceanalyzer.core.csproj", "{E7B731C7-27F2-4126-882D-95FD2D331F8C}"
EndProject
Project("{2150E333-8FDC-42A3-9474-1A3956D46DE8}") = "Solution Items", "Solution Items", "{1752CD71-018D-42C5-B0A3-013BC8A735F9}"
	ProjectSection(SolutionItems) = preProject
		.gitignore = .gitignore
		Notes.txt = Notes.txt
		README.md = README.md
	EndProjectSection
EndProject
Project("{2150E333-8FDC-42A3-9474-1A3956D46DE8}") = "Tests (Unit)", "Tests (Unit)", "{655E8AFC-39E1-40E7-BF1D-90BECEC2DEBF}"
EndProject
Project("{9A19103F-16F7-4668-BE54-9A1E7A4F7556}") = "azuredevopsresourceanalyzer.ui.blazor", "azuredevopsresourceanalyzer.ui.blazor\azuredevopsresourceanalyzer.ui.blazor.csproj", "{33C22C95-E770-4BF3-80E2-7AF7241C2FE8}"
EndProject
Project("{9A19103F-16F7-4668-BE54-9A1E7A4F7556}") = "azuredevopsresourceanalyzer.ui.blazor.tests", "azuredevopsresourceanalyzer.ui.blazor.tests\azuredevopsresourceanalyzer.ui.blazor.tests.csproj", "{C052B067-F753-44DD-94F0-30834601E24E}"
EndProject
Project("{9A19103F-16F7-4668-BE54-9A1E7A4F7556}") = "Des.Blazor.Authorization.Msal", "Des.Blazor.Authorization.Msal\Des.Blazor.Authorization.Msal.csproj", "{46F3A0AF-CEF1-4701-BE0E-9AE5ED093D62}"
EndProject
Project("{9A19103F-16F7-4668-BE54-9A1E7A4F7556}") = "azuredevopsresourceanalyzer.ui.blazorclient", "azuredevopsresourceanalyzer.ui.blazorclient\azuredevopsresourceanalyzer.ui.blazorclient.csproj", "{C8DE9372-0120-4BE9-8966-1B4D527EA17D}"
EndProject
Global
	GlobalSection(SolutionConfigurationPlatforms) = preSolution
		Debug|Any CPU = Debug|Any CPU
		Release|Any CPU = Release|Any CPU
	EndGlobalSection
	GlobalSection(ProjectConfigurationPlatforms) = postSolution
		{E7B731C7-27F2-4126-882D-95FD2D331F8C}.Debug|Any CPU.ActiveCfg = Debug|Any CPU
		{E7B731C7-27F2-4126-882D-95FD2D331F8C}.Debug|Any CPU.Build.0 = Debug|Any CPU
		{E7B731C7-27F2-4126-882D-95FD2D331F8C}.Release|Any CPU.ActiveCfg = Release|Any CPU
		{E7B731C7-27F2-4126-882D-95FD2D331F8C}.Release|Any CPU.Build.0 = Release|Any CPU
		{33C22C95-E770-4BF3-80E2-7AF7241C2FE8}.Debug|Any CPU.ActiveCfg = Debug|Any CPU
		{33C22C95-E770-4BF3-80E2-7AF7241C2FE8}.Debug|Any CPU.Build.0 = Debug|Any CPU
		{33C22C95-E770-4BF3-80E2-7AF7241C2FE8}.Release|Any CPU.ActiveCfg = Release|Any CPU
		{33C22C95-E770-4BF3-80E2-7AF7241C2FE8}.Release|Any CPU.Build.0 = Release|Any CPU
		{C052B067-F753-44DD-94F0-30834601E24E}.Debug|Any CPU.ActiveCfg = Debug|Any CPU
		{C052B067-F753-44DD-94F0-30834601E24E}.Debug|Any CPU.Build.0 = Debug|Any CPU
		{C052B067-F753-44DD-94F0-30834601E24E}.Release|Any CPU.ActiveCfg = Release|Any CPU
		{C052B067-F753-44DD-94F0-30834601E24E}.Release|Any CPU.Build.0 = Release|Any CPU
		{46F3A0AF-CEF1-4701-BE0E-9AE5ED093D62}.Debug|Any CPU.ActiveCfg = Debug|Any CPU
		{46F3A0AF-CEF1-4701-BE0E-9AE5ED093D62}.Debug|Any CPU.Build.0 = Debug|Any CPU
		{46F3A0AF-CEF1-4701-BE0E-9AE5ED093D62}.Release|Any CPU.ActiveCfg = Release|Any CPU
		{46F3A0AF-CEF1-4701-BE0E-9AE5ED093D62}.Release|Any CPU.Build.0 = Release|Any CPU
		{C8DE9372-0120-4BE9-8966-1B4D527EA17D}.Debug|Any CPU.ActiveCfg = Debug|Any CPU
		{C8DE9372-0120-4BE9-8966-1B4D527EA17D}.Debug|Any CPU.Build.0 = Debug|Any CPU
		{C8DE9372-0120-4BE9-8966-1B4D527EA17D}.Release|Any CPU.ActiveCfg = Release|Any CPU
		{C8DE9372-0120-4BE9-8966-1B4D527EA17D}.Release|Any CPU.Build.0 = Release|Any CPU
	EndGlobalSection
	GlobalSection(SolutionProperties) = preSolution
		HideSolutionNode = FALSE
	EndGlobalSection
	GlobalSection(NestedProjects) = preSolution
		{C052B067-F753-44DD-94F0-30834601E24E} = {655E8AFC-39E1-40E7-BF1D-90BECEC2DEBF}
	EndGlobalSection
	GlobalSection(ExtensibilityGlobals) = postSolution
		SolutionGuid = {19BFBD11-96E5-4E5B-8C86-06FCBBE33784}
	EndGlobalSection
EndGlobal
