
Microsoft Visual Studio Solution File, Format Version 12.00
# Visual Studio Version 16
VisualStudioVersion = 16.0.29509.3
MinimumVisualStudioVersion = 10.0.40219.1
Project("{FAE04EC0-301F-11D3-BF4B-00C04F79EFBC}") = "azuredevopsresourceanalyzer.core", "azuredevopsresourceanalyzer.core\azuredevopsresourceanalyzer.core.csproj", "{E7B731C7-27F2-4126-882D-95FD2D331F8C}"
EndProject
Project("{2150E333-8FDC-42A3-9474-1A3956D46DE8}") = "Solution Items", "Solution Items", "{1752CD71-018D-42C5-B0A3-013BC8A735F9}"
	ProjectSection(SolutionItems) = preProject
		.gitignore = .gitignore
		README.md = README.md
	EndProjectSection
EndProject
Global
	GlobalSection(SolutionConfigurationPlatforms) = preSolution
		Debug|Any CPU = Debug|Any CPU
		Release|Any CPU = Release|Any CPU
	EndGlobalSection
	GlobalSection(ProjectConfigurationPlatforms) = postSolution
		{E7B731C7-27F2-4126-882D-95FD2D331F8C}.Debug|Any CPU.ActiveCfg = Debug|Any CPU
		{E7B731C7-27F2-4126-882D-95FD2D331F8C}.Debug|Any CPU.Build.0 = Debug|Any CPU
		{E7B731C7-27F2-4126-882D-95FD2D331F8C}.Release|Any CPU.ActiveCfg = Release|Any CPU
		{E7B731C7-27F2-4126-882D-95FD2D331F8C}.Release|Any CPU.Build.0 = Release|Any CPU
	EndGlobalSection
	GlobalSection(SolutionProperties) = preSolution
		HideSolutionNode = FALSE
	EndGlobalSection
	GlobalSection(ExtensibilityGlobals) = postSolution
		SolutionGuid = {19BFBD11-96E5-4E5B-8C86-06FCBBE33784}
	EndGlobalSection
EndGlobal
